
Microsoft Visual Studio Solution File, Format Version 12.00
# Visual Studio Version 17
VisualStudioVersion = 17.10.34928.147
MinimumVisualStudioVersion = 10.0.40219.1
Project("{9A19103F-16F7-4668-BE54-9A1E7A4F7556}") = "session 4 adv c#", "session 3 adv c#\session 4 adv c#.csproj", "{528C4D25-BF65-41AD-9C52-5790E1CBB429}"
EndProject
Global
	GlobalSection(SolutionConfigurationPlatforms) = preSolution
		Debug|Any CPU = Debug|Any CPU
		Release|Any CPU = Release|Any CPU
	EndGlobalSection
	GlobalSection(ProjectConfigurationPlatforms) = postSolution
		{528C4D25-BF65-41AD-9C52-5790E1CBB429}.Debug|Any CPU.ActiveCfg = Debug|Any CPU
		{528C4D25-BF65-41AD-9C52-5790E1CBB429}.Debug|Any CPU.Build.0 = Debug|Any CPU
		{528C4D25-BF65-41AD-9C52-5790E1CBB429}.Release|Any CPU.ActiveCfg = Release|Any CPU
		{528C4D25-BF65-41AD-9C52-5790E1CBB429}.Release|Any CPU.Build.0 = Release|Any CPU
	EndGlobalSection
	GlobalSection(SolutionProperties) = preSolution
		HideSolutionNode = FALSE
	EndGlobalSection
	GlobalSection(ExtensibilityGlobals) = postSolution
		SolutionGuid = {D4E05DD5-AB87-4C44-BF0C-2B6BDEC84F01}
	EndGlobalSection
EndGlobal
